
Microsoft Visual Studio Solution File, Format Version 12.00
# Visual Studio 15
VisualStudioVersion = 15.0.28307.421
MinimumVisualStudioVersion = 10.0.40219.1
Project("{8BC9CEB8-8B4A-11D0-8D11-00A0C91BC942}") = "masterclock", "masterclock\masterclock.vcxproj", "{0145F8B3-368A-4A3D-AD37-436EFE92A803}"
EndProject
Global
	GlobalSection(SolutionConfigurationPlatforms) = preSolution
		Debug|VisualGDB = Debug|VisualGDB
		Release|VisualGDB = Release|VisualGDB
	EndGlobalSection
	GlobalSection(ProjectConfigurationPlatforms) = postSolution
		{0145F8B3-368A-4A3D-AD37-436EFE92A803}.Debug|VisualGDB.ActiveCfg = Debug|VisualGDB
		{0145F8B3-368A-4A3D-AD37-436EFE92A803}.Debug|VisualGDB.Build.0 = Debug|VisualGDB
		{0145F8B3-368A-4A3D-AD37-436EFE92A803}.Release|VisualGDB.ActiveCfg = Release|VisualGDB
		{0145F8B3-368A-4A3D-AD37-436EFE92A803}.Release|VisualGDB.Build.0 = Release|VisualGDB
	EndGlobalSection
	GlobalSection(SolutionProperties) = preSolution
		HideSolutionNode = FALSE
	EndGlobalSection
	GlobalSection(ExtensibilityGlobals) = postSolution
		SolutionGuid = {189313B9-D0C8-4966-AFDC-A5A2FEFEFE3F}
	EndGlobalSection
EndGlobal
